
Microsoft Visual Studio Solution File, Format Version 12.00
# Visual Studio Version 16
VisualStudioVersion = 16.0.31112.23
MinimumVisualStudioVersion = 10.0.40219.1
Project("{9A19103F-16F7-4668-BE54-9A1E7A4F7556}") = "LeetCodeProblems", "LeetCodeProblems\LeetCodeProblems.csproj", "{A59779CA-43EE-4E1B-B497-C93F5705B659}"
EndProject
Project("{FAE04EC0-301F-11D3-BF4B-00C04F79EFBC}") = "LeetCodeProblemsTests1", "LeetCodeProblemsTests1\LeetCodeProblemsTests1.csproj", "{9387112A-C0BA-4783-8928-A5E01B6C21C5}"
EndProject
Global
	GlobalSection(SolutionConfigurationPlatforms) = preSolution
		Debug|Any CPU = Debug|Any CPU
		Release|Any CPU = Release|Any CPU
	EndGlobalSection
	GlobalSection(ProjectConfigurationPlatforms) = postSolution
		{A59779CA-43EE-4E1B-B497-C93F5705B659}.Debug|Any CPU.ActiveCfg = Debug|Any CPU
		{A59779CA-43EE-4E1B-B497-C93F5705B659}.Debug|Any CPU.Build.0 = Debug|Any CPU
		{A59779CA-43EE-4E1B-B497-C93F5705B659}.Release|Any CPU.ActiveCfg = Release|Any CPU
		{A59779CA-43EE-4E1B-B497-C93F5705B659}.Release|Any CPU.Build.0 = Release|Any CPU
		{9387112A-C0BA-4783-8928-A5E01B6C21C5}.Debug|Any CPU.ActiveCfg = Debug|Any CPU
		{9387112A-C0BA-4783-8928-A5E01B6C21C5}.Debug|Any CPU.Build.0 = Debug|Any CPU
		{9387112A-C0BA-4783-8928-A5E01B6C21C5}.Release|Any CPU.ActiveCfg = Release|Any CPU
		{9387112A-C0BA-4783-8928-A5E01B6C21C5}.Release|Any CPU.Build.0 = Release|Any CPU
	EndGlobalSection
	GlobalSection(SolutionProperties) = preSolution
		HideSolutionNode = FALSE
	EndGlobalSection
	GlobalSection(ExtensibilityGlobals) = postSolution
		SolutionGuid = {3F754E55-F22A-41CC-822B-A480BC16FEFD}
	EndGlobalSection
EndGlobal
